
Microsoft Visual Studio Solution File, Format Version 12.00
# Visual Studio Version 17
VisualStudioVersion = 17.9.34728.123
MinimumVisualStudioVersion = 10.0.40219.1
Project("{FAE04EC0-301F-11D3-BF4B-00C04F79EFBC}") = "ShopManagement", "ShopManagement\ShopManagement.csproj", "{728238BE-0514-4187-A6B6-8DDC8985D567}"
EndProject
Global
	GlobalSection(SolutionConfigurationPlatforms) = preSolution
		Debug|Any CPU = Debug|Any CPU
		Release|Any CPU = Release|Any CPU
	EndGlobalSection
	GlobalSection(ProjectConfigurationPlatforms) = postSolution
		{728238BE-0514-4187-A6B6-8DDC8985D567}.Debug|Any CPU.ActiveCfg = Debug|Any CPU
		{728238BE-0514-4187-A6B6-8DDC8985D567}.Debug|Any CPU.Build.0 = Debug|Any CPU
		{728238BE-0514-4187-A6B6-8DDC8985D567}.Release|Any CPU.ActiveCfg = Release|Any CPU
		{728238BE-0514-4187-A6B6-8DDC8985D567}.Release|Any CPU.Build.0 = Release|Any CPU
	EndGlobalSection
	GlobalSection(SolutionProperties) = preSolution
		HideSolutionNode = FALSE
	EndGlobalSection
	GlobalSection(ExtensibilityGlobals) = postSolution
		SolutionGuid = {DAC9D277-FAC9-4523-8919-7AD2EDFEDB13}
	EndGlobalSection
EndGlobal
